{
  "name": "inventory-project",
  "version": "1.0.0",
  "lockfileVersion": 3,
  "requires": true,
  "packages": {
    "": {
      "name": "inventory-project",
      "version": "1.0.0",
      "license": "ISC",
      "dependencies": {
        "gsap": "^3.12.5",
        "scrolltrigger": "^1.0.1"
      }
    },
    "node_modules/defined": {
      "version": "1.0.1",
      "resolved": "https://registry.npmjs.org/defined/-/defined-1.0.1.tgz",
      "integrity": "sha512-hsBd2qSVCRE+5PmNdHt1uzyrFu5d3RwmFDKzyNZMFq/EwDNJF7Ee5+D5oEKF0hU6LhtoUF1macFvOe4AskQC1Q==",
      "funding": {
        "url": "https://github.com/sponsors/ljharb"
      }
    },
    "node_modules/gsap": {
      "version": "3.12.5",
      "resolved": "https://registry.npmjs.org/gsap/-/gsap-3.12.5.tgz",
      "integrity": "sha512-srBfnk4n+Oe/ZnMIOXt3gT605BX9x5+rh/prT2F1SsNJsU1XuMiP0E2aptW481OnonOGACZWBqseH5Z7csHxhQ=="
    },
    "node_modules/scrolltrigger": {
      "version": "1.0.1",
      "resolved": "https://registry.npmjs.org/scrolltrigger/-/scrolltrigger-1.0.1.tgz",
      "integrity": "sha512-s1DiltnlovjFtapWHKOgHsJEM4lKF52v7rClIqROh6btosGO/Pc0mFiRZz+PTXjAp2PZPpj0U0KPcmxTnN4Idw==",
      "dependencies": {
        "defined": "^1.0.0",
        "xtend": "^4.0.1"
      }
    },
    "node_modules/xtend": {
      "version": "4.0.2",
      "resolved": "https://registry.npmjs.org/xtend/-/xtend-4.0.2.tgz",
      "integrity": "sha512-LKYU1iAXJXUgAXn9URjiu+MWhyUXHsvfp7mcuYm9dSUKK0/CjtrUwFAxD82/mCWbtLsGjFIad0wIsod4zrTAEQ==",
      "engines": {
        "node": ">=0.4"
      }
    }
  }
}
